
Microsoft Visual Studio Solution File, Format Version 12.00
# Visual Studio Version 17
VisualStudioVersion = 17.13.35806.99 d17.13
MinimumVisualStudioVersion = 10.0.40219.1
Project("{FAE04EC0-301F-11D3-BF4B-00C04F79EFBC}") = "AppScaffolding", "AppScaffolding.csproj", "{623967DA-89CE-4CD8-A168-AADA636F5375}"
EndProject
Global
	GlobalSection(SolutionConfigurationPlatforms) = preSolution
		Debug|Any CPU = Debug|Any CPU
		Release|Any CPU = Release|Any CPU
	EndGlobalSection
	GlobalSection(ProjectConfigurationPlatforms) = postSolution
		{623967DA-89CE-4CD8-A168-AADA636F5375}.Debug|Any CPU.ActiveCfg = Debug|Any CPU
		{623967DA-89CE-4CD8-A168-AADA636F5375}.Debug|Any CPU.Build.0 = Debug|Any CPU
		{623967DA-89CE-4CD8-A168-AADA636F5375}.Release|Any CPU.ActiveCfg = Release|Any CPU
		{623967DA-89CE-4CD8-A168-AADA636F5375}.Release|Any CPU.Build.0 = Release|Any CPU
	EndGlobalSection
	GlobalSection(SolutionProperties) = preSolution
		HideSolutionNode = FALSE
	EndGlobalSection
	GlobalSection(ExtensibilityGlobals) = postSolution
		SolutionGuid = {AE73D9A8-1CBD-4C7E-A1E5-E205F1B4283C}
	EndGlobalSection
EndGlobal
